
Microsoft Visual Studio Solution File, Format Version 12.00
# Visual Studio Version 16
VisualStudioVersion = 16.0.31205.134
MinimumVisualStudioVersion = 10.0.40219.1
Project("{FAE04EC0-301F-11D3-BF4B-00C04F79EFBC}") = "Kerites", "Kerites\Kerites.csproj", "{F168DB9F-DD70-467D-9C31-B1187A3A6888}"
EndProject
Global
	GlobalSection(SolutionConfigurationPlatforms) = preSolution
		Debug|Any CPU = Debug|Any CPU
		Release|Any CPU = Release|Any CPU
	EndGlobalSection
	GlobalSection(ProjectConfigurationPlatforms) = postSolution
		{F168DB9F-DD70-467D-9C31-B1187A3A6888}.Debug|Any CPU.ActiveCfg = Debug|Any CPU
		{F168DB9F-DD70-467D-9C31-B1187A3A6888}.Debug|Any CPU.Build.0 = Debug|Any CPU
		{F168DB9F-DD70-467D-9C31-B1187A3A6888}.Release|Any CPU.ActiveCfg = Release|Any CPU
		{F168DB9F-DD70-467D-9C31-B1187A3A6888}.Release|Any CPU.Build.0 = Release|Any CPU
	EndGlobalSection
	GlobalSection(SolutionProperties) = preSolution
		HideSolutionNode = FALSE
	EndGlobalSection
	GlobalSection(ExtensibilityGlobals) = postSolution
		SolutionGuid = {4B7E5321-9C3D-4F39-B890-7ECF7C1630B1}
	EndGlobalSection
EndGlobal
